// !$*UTF8*$!
{
	archiveVersion = 1;
	classes = {
	};
	objectVersion = 50;
	objects = {

/* Begin PBXBuildFile section */
		045FA8A321A4CF330030ED7B /* main.c in Sources */ = {isa = PBXBuildFile; fileRef = 045FA8A221A4CF330030ED7B /* main.c */; };
		045FA8FC21A58E9F0030ED7B /* leetCode-0005.c in Sources */ = {isa = PBXBuildFile; fileRef = 045FA8FB21A58E9F0030ED7B /* leetCode-0005.c */; };
		045FA90221A5A5A00030ED7B /* leetCode-0006.c in Sources */ = {isa = PBXBuildFile; fileRef = 045FA90121A5A5A00030ED7B /* leetCode-0006.c */; };
		045FA90821A6D8B70030ED7B /* leetCode-0009.c in Sources */ = {isa = PBXBuildFile; fileRef = 045FA90721A6D8B70030ED7B /* leetCode-0009.c */; };
		045FA90D21A6E1180030ED7B /* leetCode-0010.c in Sources */ = {isa = PBXBuildFile; fileRef = 045FA90C21A6E1180030ED7B /* leetCode-0010.c */; };
		045FA91221A6EB530030ED7B /* leetCode-0011.c in Sources */ = {isa = PBXBuildFile; fileRef = 045FA91121A6EB530030ED7B /* leetCode-0011.c */; };
		045FA91B21AC271A0030ED7B /* MGraph.c in Sources */ = {isa = PBXBuildFile; fileRef = 045FA91621AC27190030ED7B /* MGraph.c */; };
		045FA91C21AC271A0030ED7B /* ALGraph.c in Sources */ = {isa = PBXBuildFile; fileRef = 045FA91821AC27190030ED7B /* ALGraph.c */; };
		045FA92021AC27AB0030ED7B /* Array.c in Sources */ = {isa = PBXBuildFile; fileRef = 045FA91F21AC27AB0030ED7B /* Array.c */; };
		045FA92321AC29530030ED7B /* ArrayInt.c in Sources */ = {isa = PBXBuildFile; fileRef = 045FA92221AC29530030ED7B /* ArrayInt.c */; };
		045FA92421AC2A9D0030ED7B /* leetCode-0111.c in Sources */ = {isa = PBXBuildFile; fileRef = 045FA8DF21A4CF610030ED7B /* leetCode-0111.c */; };
		045FA92521AC2A9D0030ED7B /* leetCode-0104.c in Sources */ = {isa = PBXBuildFile; fileRef = 045FA8D521A4CF610030ED7B /* leetCode-0104.c */; };
		045FA92621AC2A9D0030ED7B /* leetCode-0022.c in Sources */ = {isa = PBXBuildFile; fileRef = 045FA8D821A4CF610030ED7B /* leetCode-0022.c */; };
		045FA92721AC2A9D0030ED7B /* leetCode-0004.c in Sources */ = {isa = PBXBuildFile; fileRef = 045FA8CF21A4CF610030ED7B /* leetCode-0004.c */; };
		045FA92821AC2A9D0030ED7B /* leetCode-0003.c in Sources */ = {isa = PBXBuildFile; fileRef = 045FA8CC21A4CF610030ED7B /* leetCode-0003.c */; };
		045FA92921AC2A9D0030ED7B /* leetCode-0002.c in Sources */ = {isa = PBXBuildFile; fileRef = 045FA8D321A4CF610030ED7B /* leetCode-0002.c */; };
		045FA92A21AC2A9D0030ED7B /* leetCode-0001.c in Sources */ = {isa = PBXBuildFile; fileRef = 045FA8DC21A4CF610030ED7B /* leetCode-0001.c */; };
		045FA92B21AC2A9D0030ED7B /* LinkList.c in Sources */ = {isa = PBXBuildFile; fileRef = 045FA8C321A4CF600030ED7B /* LinkList.c */; };
		045FA92C21AC2A9D0030ED7B /* StaticList.c in Sources */ = {isa = PBXBuildFile; fileRef = 045FA8C421A4CF600030ED7B /* StaticList.c */; };
		045FA92D21AC2A9D0030ED7B /* ArrayList.c in Sources */ = {isa = PBXBuildFile; fileRef = 045FA8C521A4CF600030ED7B /* ArrayList.c */; };
		045FA92E21AC2A9D0030ED7B /* ArrayDoubleStack.c in Sources */ = {isa = PBXBuildFile; fileRef = 045FA8E121A4CF610030ED7B /* ArrayDoubleStack.c */; };
		045FA92F21AC2A9D0030ED7B /* LinkStack.c in Sources */ = {isa = PBXBuildFile; fileRef = 045FA8E221A4CF610030ED7B /* LinkStack.c */; };
		045FA93021AC2A9D0030ED7B /* ArrayStack.c in Sources */ = {isa = PBXBuildFile; fileRef = 045FA8E321A4CF610030ED7B /* ArrayStack.c */; };
		045FA93121AC2A9D0030ED7B /* LinkTree.c in Sources */ = {isa = PBXBuildFile; fileRef = 045FA8EB21A4CF610030ED7B /* LinkTree.c */; };
		045FA93521AD27DA0030ED7B /* leetCode-0015.c in Sources */ = {isa = PBXBuildFile; fileRef = 045FA93321AD27DA0030ED7B /* leetCode-0015.c */; };
		045FA93921AD31B40030ED7B /* leetCode-0016.c in Sources */ = {isa = PBXBuildFile; fileRef = 045FA93821AD31B40030ED7B /* leetCode-0016.c */; };
		045FA93C21AD3EDF0030ED7B /* LinkDoubleList.c in Sources */ = {isa = PBXBuildFile; fileRef = 045FA93B21AD3EDF0030ED7B /* LinkDoubleList.c */; };
		045FA94021AD49000030ED7B /* leetCode-0234.c in Sources */ = {isa = PBXBuildFile; fileRef = 045FA93E21AD49000030ED7B /* leetCode-0234.c */; };
		045FA98521AE7EE40030ED7B /* leetCode-0021.c in Sources */ = {isa = PBXBuildFile; fileRef = 045FA98421AE7EE40030ED7B /* leetCode-0021.c */; };
		045FA98921AE839D0030ED7B /* leetCode-0019.c in Sources */ = {isa = PBXBuildFile; fileRef = 045FA98821AE839D0030ED7B /* leetCode-0019.c */; };
		7B2736B121A642BB00161DE8 /* leetCode-0008.c in Sources */ = {isa = PBXBuildFile; fileRef = 7B2736AF21A642BB00161DE8 /* leetCode-0008.c */; };
		7BA99C5721A63A4C00B0C94F /* leetCode-0007.c in Sources */ = {isa = PBXBuildFile; fileRef = 7BA99C5521A63A4C00B0C94F /* leetCode-0007.c */; };
/* End PBXBuildFile section */

/* Begin PBXCopyFilesBuildPhase section */
		045FA89D21A4CF320030ED7B /* CopyFiles */ = {
			isa = PBXCopyFilesBuildPhase;
			buildActionMask = 2147483647;
			dstPath = /usr/share/man/man1/;
			dstSubfolderSpec = 0;
			files = (
			);
			runOnlyForDeploymentPostprocessing = 1;
		};
/* End PBXCopyFilesBuildPhase section */

/* Begin PBXFileReference section */
		045FA89F21A4CF330030ED7B /* leetCode-c */ = {isa = PBXFileReference; explicitFileType = "compiled.mach-o.executable"; includeInIndex = 0; path = "leetCode-c"; sourceTree = BUILT_PRODUCTS_DIR; };
		045FA8A221A4CF330030ED7B /* main.c */ = {isa = PBXFileReference; lastKnownFileType = sourcecode.c.c; path = main.c; sourceTree = "<group>"; };
		045FA8C321A4CF600030ED7B /* LinkList.c */ = {isa = PBXFileReference; lastKnownFileType = sourcecode.c.c; path = LinkList.c; sourceTree = "<group>"; };
		045FA8C421A4CF600030ED7B /* StaticList.c */ = {isa = PBXFileReference; lastKnownFileType = sourcecode.c.c; path = StaticList.c; sourceTree = "<group>"; };
		045FA8C521A4CF600030ED7B /* ArrayList.c */ = {isa = PBXFileReference; lastKnownFileType = sourcecode.c.c; path = ArrayList.c; sourceTree = "<group>"; };
		045FA8C621A4CF600030ED7B /* List.h */ = {isa = PBXFileReference; lastKnownFileType = sourcecode.c.h; path = List.h; sourceTree = "<group>"; };
		045FA8C721A4CF600030ED7B /* LinkList.h */ = {isa = PBXFileReference; lastKnownFileType = sourcecode.c.h; path = LinkList.h; sourceTree = "<group>"; };
		045FA8C821A4CF600030ED7B /* StaticList.h */ = {isa = PBXFileReference; lastKnownFileType = sourcecode.c.h; path = StaticList.h; sourceTree = "<group>"; };
		045FA8C921A4CF600030ED7B /* ArrayList.h */ = {isa = PBXFileReference; lastKnownFileType = sourcecode.c.h; path = ArrayList.h; sourceTree = "<group>"; };
		045FA8CC21A4CF610030ED7B /* leetCode-0003.c */ = {isa = PBXFileReference; lastKnownFileType = sourcecode.c.c; path = "leetCode-0003.c"; sourceTree = "<group>"; };
		045FA8CD21A4CF610030ED7B /* leetCode-0003.h */ = {isa = PBXFileReference; lastKnownFileType = sourcecode.c.h; path = "leetCode-0003.h"; sourceTree = "<group>"; };
		045FA8CF21A4CF610030ED7B /* leetCode-0004.c */ = {isa = PBXFileReference; lastKnownFileType = sourcecode.c.c; path = "leetCode-0004.c"; sourceTree = "<group>"; };
		045FA8D021A4CF610030ED7B /* leetCode-0004.h */ = {isa = PBXFileReference; lastKnownFileType = sourcecode.c.h; path = "leetCode-0004.h"; sourceTree = "<group>"; };
		045FA8D221A4CF610030ED7B /* leetCode-0002.h */ = {isa = PBXFileReference; lastKnownFileType = sourcecode.c.h; path = "leetCode-0002.h"; sourceTree = "<group>"; };
		045FA8D321A4CF610030ED7B /* leetCode-0002.c */ = {isa = PBXFileReference; lastKnownFileType = sourcecode.c.c; path = "leetCode-0002.c"; sourceTree = "<group>"; };
		045FA8D521A4CF610030ED7B /* leetCode-0104.c */ = {isa = PBXFileReference; lastKnownFileType = sourcecode.c.c; path = "leetCode-0104.c"; sourceTree = "<group>"; };
		045FA8D621A4CF610030ED7B /* leetCode-0104.h */ = {isa = PBXFileReference; lastKnownFileType = sourcecode.c.h; path = "leetCode-0104.h"; sourceTree = "<group>"; };
		045FA8D821A4CF610030ED7B /* leetCode-0022.c */ = {isa = PBXFileReference; lastKnownFileType = sourcecode.c.c; path = "leetCode-0022.c"; sourceTree = "<group>"; };
		045FA8D921A4CF610030ED7B /* leetCode-0022.h */ = {isa = PBXFileReference; lastKnownFileType = sourcecode.c.h; path = "leetCode-0022.h"; sourceTree = "<group>"; };
		045FA8DB21A4CF610030ED7B /* leetCode-0001.h */ = {isa = PBXFileReference; lastKnownFileType = sourcecode.c.h; path = "leetCode-0001.h"; sourceTree = "<group>"; };
		045FA8DC21A4CF610030ED7B /* leetCode-0001.c */ = {isa = PBXFileReference; lastKnownFileType = sourcecode.c.c; path = "leetCode-0001.c"; sourceTree = "<group>"; };
		045FA8DE21A4CF610030ED7B /* leetCode-0111.h */ = {isa = PBXFileReference; lastKnownFileType = sourcecode.c.h; path = "leetCode-0111.h"; sourceTree = "<group>"; };
		045FA8DF21A4CF610030ED7B /* leetCode-0111.c */ = {isa = PBXFileReference; lastKnownFileType = sourcecode.c.c; path = "leetCode-0111.c"; sourceTree = "<group>"; };
		045FA8E121A4CF610030ED7B /* ArrayDoubleStack.c */ = {isa = PBXFileReference; lastKnownFileType = sourcecode.c.c; path = ArrayDoubleStack.c; sourceTree = "<group>"; };
		045FA8E221A4CF610030ED7B /* LinkStack.c */ = {isa = PBXFileReference; lastKnownFileType = sourcecode.c.c; path = LinkStack.c; sourceTree = "<group>"; };
		045FA8E321A4CF610030ED7B /* ArrayStack.c */ = {isa = PBXFileReference; lastKnownFileType = sourcecode.c.c; path = ArrayStack.c; sourceTree = "<group>"; };
		045FA8E421A4CF610030ED7B /* ArrayDoubleStack.h */ = {isa = PBXFileReference; lastKnownFileType = sourcecode.c.h; path = ArrayDoubleStack.h; sourceTree = "<group>"; };
		045FA8E521A4CF610030ED7B /* LinkStack.h */ = {isa = PBXFileReference; lastKnownFileType = sourcecode.c.h; path = LinkStack.h; sourceTree = "<group>"; };
		045FA8E621A4CF610030ED7B /* Stack.h */ = {isa = PBXFileReference; lastKnownFileType = sourcecode.c.h; path = Stack.h; sourceTree = "<group>"; };
		045FA8E721A4CF610030ED7B /* ArrayStack.h */ = {isa = PBXFileReference; lastKnownFileType = sourcecode.c.h; path = ArrayStack.h; sourceTree = "<group>"; };
		045FA8E921A4CF610030ED7B /* LinkTree.h */ = {isa = PBXFileReference; lastKnownFileType = sourcecode.c.h; path = LinkTree.h; sourceTree = "<group>"; };
		045FA8EA21A4CF610030ED7B /* Tree.h */ = {isa = PBXFileReference; lastKnownFileType = sourcecode.c.h; path = Tree.h; sourceTree = "<group>"; };
		045FA8EB21A4CF610030ED7B /* LinkTree.c */ = {isa = PBXFileReference; lastKnownFileType = sourcecode.c.c; path = LinkTree.c; sourceTree = "<group>"; };
		045FA8EC21A4CF610030ED7B /* comman.h */ = {isa = PBXFileReference; lastKnownFileType = sourcecode.c.h; path = comman.h; sourceTree = "<group>"; };
		045FA8EE21A4CF610030ED7B /* ArrayQueue.c */ = {isa = PBXFileReference; lastKnownFileType = sourcecode.c.c; path = ArrayQueue.c; sourceTree = "<group>"; };
		045FA8EF21A4CF610030ED7B /* LinkQueue.c */ = {isa = PBXFileReference; lastKnownFileType = sourcecode.c.c; path = LinkQueue.c; sourceTree = "<group>"; };
		045FA8F021A4CF610030ED7B /* ArrayQueue.h */ = {isa = PBXFileReference; lastKnownFileType = sourcecode.c.h; path = ArrayQueue.h; sourceTree = "<group>"; };
		045FA8F121A4CF610030ED7B /* Queue.h */ = {isa = PBXFileReference; lastKnownFileType = sourcecode.c.h; path = Queue.h; sourceTree = "<group>"; };
		045FA8F221A4CF610030ED7B /* LinkQueue.h */ = {isa = PBXFileReference; lastKnownFileType = sourcecode.c.h; path = LinkQueue.h; sourceTree = "<group>"; };
		045FA8FA21A58E9F0030ED7B /* leetCode-0005.h */ = {isa = PBXFileReference; lastKnownFileType = sourcecode.c.h; path = "leetCode-0005.h"; sourceTree = "<group>"; };
		045FA8FB21A58E9F0030ED7B /* leetCode-0005.c */ = {isa = PBXFileReference; lastKnownFileType = sourcecode.c.c; path = "leetCode-0005.c"; sourceTree = "<group>"; };
		045FA90021A5A5A00030ED7B /* leetCode-0006.h */ = {isa = PBXFileReference; lastKnownFileType = sourcecode.c.h; path = "leetCode-0006.h"; sourceTree = "<group>"; };
		045FA90121A5A5A00030ED7B /* leetCode-0006.c */ = {isa = PBXFileReference; lastKnownFileType = sourcecode.c.c; path = "leetCode-0006.c"; sourceTree = "<group>"; };
		045FA90621A6D8B70030ED7B /* leetCode-0009.h */ = {isa = PBXFileReference; lastKnownFileType = sourcecode.c.h; path = "leetCode-0009.h"; sourceTree = "<group>"; };
		045FA90721A6D8B70030ED7B /* leetCode-0009.c */ = {isa = PBXFileReference; lastKnownFileType = sourcecode.c.c; path = "leetCode-0009.c"; sourceTree = "<group>"; };
		045FA90B21A6E1180030ED7B /* leetCode-0010.h */ = {isa = PBXFileReference; lastKnownFileType = sourcecode.c.h; path = "leetCode-0010.h"; sourceTree = "<group>"; };
		045FA90C21A6E1180030ED7B /* leetCode-0010.c */ = {isa = PBXFileReference; lastKnownFileType = sourcecode.c.c; path = "leetCode-0010.c"; sourceTree = "<group>"; };
		045FA91021A6EB530030ED7B /* leetCode-0011.h */ = {isa = PBXFileReference; lastKnownFileType = sourcecode.c.h; path = "leetCode-0011.h"; sourceTree = "<group>"; };
		045FA91121A6EB530030ED7B /* leetCode-0011.c */ = {isa = PBXFileReference; lastKnownFileType = sourcecode.c.c; path = "leetCode-0011.c"; sourceTree = "<group>"; };
		045FA91621AC27190030ED7B /* MGraph.c */ = {isa = PBXFileReference; fileEncoding = 4; lastKnownFileType = sourcecode.c.c; path = MGraph.c; sourceTree = "<group>"; };
		045FA91721AC27190030ED7B /* Graph.h */ = {isa = PBXFileReference; fileEncoding = 4; lastKnownFileType = sourcecode.c.h; path = Graph.h; sourceTree = "<group>"; };
		045FA91821AC27190030ED7B /* ALGraph.c */ = {isa = PBXFileReference; fileEncoding = 4; lastKnownFileType = sourcecode.c.c; path = ALGraph.c; sourceTree = "<group>"; };
		045FA91921AC27190030ED7B /* MGraph.h */ = {isa = PBXFileReference; fileEncoding = 4; lastKnownFileType = sourcecode.c.h; path = MGraph.h; sourceTree = "<group>"; };
		045FA91A21AC27190030ED7B /* ALGraph.h */ = {isa = PBXFileReference; fileEncoding = 4; lastKnownFileType = sourcecode.c.h; path = ALGraph.h; sourceTree = "<group>"; };
		045FA91E21AC27AB0030ED7B /* Array.h */ = {isa = PBXFileReference; lastKnownFileType = sourcecode.c.h; path = Array.h; sourceTree = "<group>"; };
		045FA91F21AC27AB0030ED7B /* Array.c */ = {isa = PBXFileReference; lastKnownFileType = sourcecode.c.c; path = Array.c; sourceTree = "<group>"; };
		045FA92121AC29530030ED7B /* ArrayInt.h */ = {isa = PBXFileReference; lastKnownFileType = sourcecode.c.h; path = ArrayInt.h; sourceTree = "<group>"; };
		045FA92221AC29530030ED7B /* ArrayInt.c */ = {isa = PBXFileReference; lastKnownFileType = sourcecode.c.c; path = ArrayInt.c; sourceTree = "<group>"; };
		045FA93321AD27DA0030ED7B /* leetCode-0015.c */ = {isa = PBXFileReference; fileEncoding = 4; lastKnownFileType = sourcecode.c.c; path = "leetCode-0015.c"; sourceTree = "<group>"; };
		045FA93421AD27DA0030ED7B /* leetCode-0015.h */ = {isa = PBXFileReference; fileEncoding = 4; lastKnownFileType = sourcecode.c.h; path = "leetCode-0015.h"; sourceTree = "<group>"; };
		045FA93721AD31B40030ED7B /* leetCode-0016.h */ = {isa = PBXFileReference; lastKnownFileType = sourcecode.c.h; path = "leetCode-0016.h"; sourceTree = "<group>"; };
		045FA93821AD31B40030ED7B /* leetCode-0016.c */ = {isa = PBXFileReference; lastKnownFileType = sourcecode.c.c; path = "leetCode-0016.c"; sourceTree = "<group>"; };
		045FA93A21AD3EDF0030ED7B /* LinkDoubleList.h */ = {isa = PBXFileReference; lastKnownFileType = sourcecode.c.h; path = LinkDoubleList.h; sourceTree = "<group>"; };
		045FA93B21AD3EDF0030ED7B /* LinkDoubleList.c */ = {isa = PBXFileReference; lastKnownFileType = sourcecode.c.c; path = LinkDoubleList.c; sourceTree = "<group>"; };
		045FA93E21AD49000030ED7B /* leetCode-0234.c */ = {isa = PBXFileReference; fileEncoding = 4; lastKnownFileType = sourcecode.c.c; path = "leetCode-0234.c"; sourceTree = "<group>"; };
		045FA93F21AD49000030ED7B /* leetCode-0234.h */ = {isa = PBXFileReference; fileEncoding = 4; lastKnownFileType = sourcecode.c.h; path = "leetCode-0234.h"; sourceTree = "<group>"; };
		045FA98321AE7EE40030ED7B /* leetCode-0021.h */ = {isa = PBXFileReference; lastKnownFileType = sourcecode.c.h; path = "leetCode-0021.h"; sourceTree = "<group>"; };
		045FA98421AE7EE40030ED7B /* leetCode-0021.c */ = {isa = PBXFileReference; lastKnownFileType = sourcecode.c.c; path = "leetCode-0021.c"; sourceTree = "<group>"; };
		045FA98721AE839D0030ED7B /* leetCode-0019.h */ = {isa = PBXFileReference; lastKnownFileType = sourcecode.c.h; path = "leetCode-0019.h"; sourceTree = "<group>"; };
		045FA98821AE839D0030ED7B /* leetCode-0019.c */ = {isa = PBXFileReference; lastKnownFileType = sourcecode.c.c; path = "leetCode-0019.c"; sourceTree = "<group>"; };
		7B2736AF21A642BB00161DE8 /* leetCode-0008.c */ = {isa = PBXFileReference; lastKnownFileType = sourcecode.c.c; path = "leetCode-0008.c"; sourceTree = "<group>"; };
		7B2736B021A642BB00161DE8 /* leetCode-0008.h */ = {isa = PBXFileReference; lastKnownFileType = sourcecode.c.h; path = "leetCode-0008.h"; sourceTree = "<group>"; };
		7BA99C5521A63A4C00B0C94F /* leetCode-0007.c */ = {isa = PBXFileReference; lastKnownFileType = sourcecode.c.c; path = "leetCode-0007.c"; sourceTree = "<group>"; };
		7BA99C5621A63A4C00B0C94F /* leetCode-0007.h */ = {isa = PBXFileReference; lastKnownFileType = sourcecode.c.h; path = "leetCode-0007.h"; sourceTree = "<group>"; };
/* End PBXFileReference section */

/* Begin PBXFrameworksBuildPhase section */
		045FA89C21A4CF320030ED7B /* Frameworks */ = {
			isa = PBXFrameworksBuildPhase;
			buildActionMask = 2147483647;
			files = (
			);
			runOnlyForDeploymentPostprocessing = 0;
		};
/* End PBXFrameworksBuildPhase section */

/* Begin PBXGroup section */
		045FA89621A4CF320030ED7B = {
			isa = PBXGroup;
			children = (
				045FA8A121A4CF330030ED7B /* leetCode-c */,
				045FA8A021A4CF330030ED7B /* Products */,
			);
			sourceTree = "<group>";
		};
		045FA8A021A4CF330030ED7B /* Products */ = {
			isa = PBXGroup;
			children = (
				045FA89F21A4CF330030ED7B /* leetCode-c */,
			);
			name = Products;
			sourceTree = "<group>";
		};
		045FA8A121A4CF330030ED7B /* leetCode-c */ = {
			isa = PBXGroup;
			children = (
				045FA8A221A4CF330030ED7B /* main.c */,
				045FA8EC21A4CF610030ED7B /* comman.h */,
				045FA91D21AC273D0030ED7B /* Array */,
				045FA8BC21A4CF600030ED7B /* Graph */,
				045FA8CA21A4CF610030ED7B /* LeetCode */,
				045FA8C221A4CF600030ED7B /* LinkList */,
				045FA8ED21A4CF610030ED7B /* Queue */,
				045FA8E021A4CF610030ED7B /* Stack */,
				045FA8E821A4CF610030ED7B /* Tree */,
			);
			path = "leetCode-c";
			sourceTree = "<group>";
		};
		045FA8BC21A4CF600030ED7B /* Graph */ = {
			isa = PBXGroup;
			children = (
				045FA91821AC27190030ED7B /* ALGraph.c */,
				045FA91A21AC27190030ED7B /* ALGraph.h */,
				045FA91721AC27190030ED7B /* Graph.h */,
				045FA91621AC27190030ED7B /* MGraph.c */,
				045FA91921AC27190030ED7B /* MGraph.h */,
			);
			path = Graph;
			sourceTree = "<group>";
		};
		045FA8C221A4CF600030ED7B /* LinkList */ = {
			isa = PBXGroup;
			children = (
				045FA8C721A4CF600030ED7B /* LinkList.h */,
				045FA8C321A4CF600030ED7B /* LinkList.c */,
				045FA8C821A4CF600030ED7B /* StaticList.h */,
				045FA8C421A4CF600030ED7B /* StaticList.c */,
				045FA8C921A4CF600030ED7B /* ArrayList.h */,
				045FA8C521A4CF600030ED7B /* ArrayList.c */,
				045FA8C621A4CF600030ED7B /* List.h */,
				045FA93A21AD3EDF0030ED7B /* LinkDoubleList.h */,
				045FA93B21AD3EDF0030ED7B /* LinkDoubleList.c */,
			);
			path = LinkList;
			sourceTree = "<group>";
		};
		045FA8CA21A4CF610030ED7B /* LeetCode */ = {
			isa = PBXGroup;
			children = (
				045FA93D21AD48F50030ED7B /* leetCode-0234 */,
				045FA8DD21A4CF610030ED7B /* leetCode-0111 */,
				045FA8D421A4CF610030ED7B /* leetCode-0104 */,
				045FA8D721A4CF610030ED7B /* leetCode-0022 */,
				045FA98221AE7EC80030ED7B /* leetCode-0021 */,
				045FA98621AE838B0030ED7B /* leetCode-0019 */,
				045FA93621AD31A40030ED7B /* leetCode-0016 */,
				045FA93221AD27D10030ED7B /* leetCode-0015 */,
				045FA90F21A6EB3E0030ED7B /* leetCode-0011 */,
				045FA90E21A6E11C0030ED7B /* leetCode-0010 */,
				045FA90521A6D84E0030ED7B /* leetCode-0009 */,
				7B2736AE21A642AC00161DE8 /* leetCode-0008 */,
				7BA99C5421A63A3100B0C94F /* leetCode-0007 */,
				045FA8FF21A5A58E0030ED7B /* leetCode-0006 */,
				045FA8F921A58E8B0030ED7B /* leetCode-0005 */,
				045FA8CE21A4CF610030ED7B /* leetCode-0004 */,
				045FA8CB21A4CF610030ED7B /* leetCode-0003 */,
				045FA8D121A4CF610030ED7B /* leetCode-0002 */,
				045FA8DA21A4CF610030ED7B /* leetCode-0001 */,
			);
			path = LeetCode;
			sourceTree = "<group>";
		};
		045FA8CB21A4CF610030ED7B /* leetCode-0003 */ = {
			isa = PBXGroup;
			children = (
				045FA8CC21A4CF610030ED7B /* leetCode-0003.c */,
				045FA8CD21A4CF610030ED7B /* leetCode-0003.h */,
			);
			path = "leetCode-0003";
			sourceTree = "<group>";
		};
		045FA8CE21A4CF610030ED7B /* leetCode-0004 */ = {
			isa = PBXGroup;
			children = (
				045FA8CF21A4CF610030ED7B /* leetCode-0004.c */,
				045FA8D021A4CF610030ED7B /* leetCode-0004.h */,
			);
			path = "leetCode-0004";
			sourceTree = "<group>";
		};
		045FA8D121A4CF610030ED7B /* leetCode-0002 */ = {
			isa = PBXGroup;
			children = (
				045FA8D221A4CF610030ED7B /* leetCode-0002.h */,
				045FA8D321A4CF610030ED7B /* leetCode-0002.c */,
			);
			path = "leetCode-0002";
			sourceTree = "<group>";
		};
		045FA8D421A4CF610030ED7B /* leetCode-0104 */ = {
			isa = PBXGroup;
			children = (
				045FA8D521A4CF610030ED7B /* leetCode-0104.c */,
				045FA8D621A4CF610030ED7B /* leetCode-0104.h */,
			);
			path = "leetCode-0104";
			sourceTree = "<group>";
		};
		045FA8D721A4CF610030ED7B /* leetCode-0022 */ = {
			isa = PBXGroup;
			children = (
				045FA8D821A4CF610030ED7B /* leetCode-0022.c */,
				045FA8D921A4CF610030ED7B /* leetCode-0022.h */,
			);
			path = "leetCode-0022";
			sourceTree = "<group>";
		};
		045FA8DA21A4CF610030ED7B /* leetCode-0001 */ = {
			isa = PBXGroup;
			children = (
				045FA8DB21A4CF610030ED7B /* leetCode-0001.h */,
				045FA8DC21A4CF610030ED7B /* leetCode-0001.c */,
			);
			path = "leetCode-0001";
			sourceTree = "<group>";
		};
		045FA8DD21A4CF610030ED7B /* leetCode-0111 */ = {
			isa = PBXGroup;
			children = (
				045FA8DE21A4CF610030ED7B /* leetCode-0111.h */,
				045FA8DF21A4CF610030ED7B /* leetCode-0111.c */,
			);
			path = "leetCode-0111";
			sourceTree = "<group>";
		};
		045FA8E021A4CF610030ED7B /* Stack */ = {
			isa = PBXGroup;
			children = (
				045FA8E121A4CF610030ED7B /* ArrayDoubleStack.c */,
				045FA8E221A4CF610030ED7B /* LinkStack.c */,
				045FA8E321A4CF610030ED7B /* ArrayStack.c */,
				045FA8E421A4CF610030ED7B /* ArrayDoubleStack.h */,
				045FA8E521A4CF610030ED7B /* LinkStack.h */,
				045FA8E621A4CF610030ED7B /* Stack.h */,
				045FA8E721A4CF610030ED7B /* ArrayStack.h */,
			);
			path = Stack;
			sourceTree = "<group>";
		};
		045FA8E821A4CF610030ED7B /* Tree */ = {
			isa = PBXGroup;
			children = (
				045FA8E921A4CF610030ED7B /* LinkTree.h */,
				045FA8EA21A4CF610030ED7B /* Tree.h */,
				045FA8EB21A4CF610030ED7B /* LinkTree.c */,
			);
			path = Tree;
			sourceTree = "<group>";
		};
		045FA8ED21A4CF610030ED7B /* Queue */ = {
			isa = PBXGroup;
			children = (
				045FA8EE21A4CF610030ED7B /* ArrayQueue.c */,
				045FA8EF21A4CF610030ED7B /* LinkQueue.c */,
				045FA8F021A4CF610030ED7B /* ArrayQueue.h */,
				045FA8F121A4CF610030ED7B /* Queue.h */,
				045FA8F221A4CF610030ED7B /* LinkQueue.h */,
			);
			path = Queue;
			sourceTree = "<group>";
		};
		045FA8F921A58E8B0030ED7B /* leetCode-0005 */ = {
			isa = PBXGroup;
			children = (
				045FA8FA21A58E9F0030ED7B /* leetCode-0005.h */,
				045FA8FB21A58E9F0030ED7B /* leetCode-0005.c */,
			);
			path = "leetCode-0005";
			sourceTree = "<group>";
		};
		045FA8FF21A5A58E0030ED7B /* leetCode-0006 */ = {
			isa = PBXGroup;
			children = (
				045FA90021A5A5A00030ED7B /* leetCode-0006.h */,
				045FA90121A5A5A00030ED7B /* leetCode-0006.c */,
			);
			path = "leetCode-0006";
			sourceTree = "<group>";
		};
		045FA90521A6D84E0030ED7B /* leetCode-0009 */ = {
			isa = PBXGroup;
			children = (
				045FA90621A6D8B70030ED7B /* leetCode-0009.h */,
				045FA90721A6D8B70030ED7B /* leetCode-0009.c */,
			);
			path = "leetCode-0009";
			sourceTree = "<group>";
		};
		045FA90E21A6E11C0030ED7B /* leetCode-0010 */ = {
			isa = PBXGroup;
			children = (
				045FA90B21A6E1180030ED7B /* leetCode-0010.h */,
				045FA90C21A6E1180030ED7B /* leetCode-0010.c */,
			);
			path = "leetCode-0010";
			sourceTree = "<group>";
		};
		045FA90F21A6EB3E0030ED7B /* leetCode-0011 */ = {
			isa = PBXGroup;
			children = (
				045FA91021A6EB530030ED7B /* leetCode-0011.h */,
				045FA91121A6EB530030ED7B /* leetCode-0011.c */,
			);
			path = "leetCode-0011";
			sourceTree = "<group>";
		};
		045FA91D21AC273D0030ED7B /* Array */ = {
			isa = PBXGroup;
			children = (
				045FA91E21AC27AB0030ED7B /* Array.h */,
				045FA91F21AC27AB0030ED7B /* Array.c */,
				045FA92121AC29530030ED7B /* ArrayInt.h */,
				045FA92221AC29530030ED7B /* ArrayInt.c */,
			);
			path = Array;
			sourceTree = "<group>";
		};
		045FA93221AD27D10030ED7B /* leetCode-0015 */ = {
			isa = PBXGroup;
			children = (
				045FA93321AD27DA0030ED7B /* leetCode-0015.c */,
				045FA93421AD27DA0030ED7B /* leetCode-0015.h */,
			);
			path = "leetCode-0015";
			sourceTree = "<group>";
		};
		045FA93621AD31A40030ED7B /* leetCode-0016 */ = {
			isa = PBXGroup;
			children = (
				045FA93721AD31B40030ED7B /* leetCode-0016.h */,
				045FA93821AD31B40030ED7B /* leetCode-0016.c */,
			);
			path = "leetCode-0016";
			sourceTree = "<group>";
		};
		045FA93D21AD48F50030ED7B /* leetCode-0234 */ = {
			isa = PBXGroup;
			children = (
				045FA93E21AD49000030ED7B /* leetCode-0234.c */,
				045FA93F21AD49000030ED7B /* leetCode-0234.h */,
			);
			path = "leetCode-0234";
			sourceTree = "<group>";
		};
		045FA98221AE7EC80030ED7B /* leetCode-0021 */ = {
			isa = PBXGroup;
			children = (
				045FA98321AE7EE40030ED7B /* leetCode-0021.h */,
				045FA98421AE7EE40030ED7B /* leetCode-0021.c */,
			);
			path = "leetCode-0021";
			sourceTree = "<group>";
		};
		045FA98621AE838B0030ED7B /* leetCode-0019 */ = {
			isa = PBXGroup;
			children = (
				045FA98721AE839D0030ED7B /* leetCode-0019.h */,
				045FA98821AE839D0030ED7B /* leetCode-0019.c */,
			);
			path = "leetCode-0019";
			sourceTree = "<group>";
		};
		7B2736AE21A642AC00161DE8 /* leetCode-0008 */ = {
			isa = PBXGroup;
			children = (
				7B2736AF21A642BB00161DE8 /* leetCode-0008.c */,
				7B2736B021A642BB00161DE8 /* leetCode-0008.h */,
			);
			path = "leetCode-0008";
			sourceTree = "<group>";
		};
		7BA99C5421A63A3100B0C94F /* leetCode-0007 */ = {
			isa = PBXGroup;
			children = (
				7BA99C5521A63A4C00B0C94F /* leetCode-0007.c */,
				7BA99C5621A63A4C00B0C94F /* leetCode-0007.h */,
			);
			path = "leetCode-0007";
			sourceTree = "<group>";
		};
/* End PBXGroup section */

/* Begin PBXNativeTarget section */
		045FA89E21A4CF320030ED7B /* leetCode-c */ = {
			isa = PBXNativeTarget;
			buildConfigurationList = 045FA8A621A4CF330030ED7B /* Build configuration list for PBXNativeTarget "leetCode-c" */;
			buildPhases = (
				045FA89B21A4CF320030ED7B /* Sources */,
				045FA89C21A4CF320030ED7B /* Frameworks */,
				045FA89D21A4CF320030ED7B /* CopyFiles */,
			);
			buildRules = (
			);
			dependencies = (
			);
			name = "leetCode-c";
			productName = "leetCode-c";
			productReference = 045FA89F21A4CF330030ED7B /* leetCode-c */;
			productType = "com.apple.product-type.tool";
		};
/* End PBXNativeTarget section */

/* Begin PBXProject section */
		045FA89721A4CF320030ED7B /* Project object */ = {
			isa = PBXProject;
			attributes = {
				LastUpgradeCheck = 0940;
				ORGANIZATIONNAME = Giga;
				TargetAttributes = {
					045FA89E21A4CF320030ED7B = {
						CreatedOnToolsVersion = 9.4.1;
					};
				};
			};
			buildConfigurationList = 045FA89A21A4CF320030ED7B /* Build configuration list for PBXProject "leetCode-c" */;
			compatibilityVersion = "Xcode 9.3";
			developmentRegion = en;
			hasScannedForEncodings = 0;
			knownRegions = (
				en,
			);
			mainGroup = 045FA89621A4CF320030ED7B;
			productRefGroup = 045FA8A021A4CF330030ED7B /* Products */;
			projectDirPath = "";
			projectRoot = "";
			targets = (
				045FA89E21A4CF320030ED7B /* leetCode-c */,
			);
		};
/* End PBXProject section */

/* Begin PBXSourcesBuildPhase section */
		045FA89B21A4CF320030ED7B /* Sources */ = {
			isa = PBXSourcesBuildPhase;
			buildActionMask = 2147483647;
			files = (
				045FA92421AC2A9D0030ED7B /* leetCode-0111.c in Sources */,
				045FA92521AC2A9D0030ED7B /* leetCode-0104.c in Sources */,
				045FA92621AC2A9D0030ED7B /* leetCode-0022.c in Sources */,
				045FA98521AE7EE40030ED7B /* leetCode-0021.c in Sources */,
				045FA92721AC2A9D0030ED7B /* leetCode-0004.c in Sources */,
				045FA92821AC2A9D0030ED7B /* leetCode-0003.c in Sources */,
				045FA92921AC2A9D0030ED7B /* leetCode-0002.c in Sources */,
				045FA92A21AC2A9D0030ED7B /* leetCode-0001.c in Sources */,
				045FA92B21AC2A9D0030ED7B /* LinkList.c in Sources */,
				045FA92C21AC2A9D0030ED7B /* StaticList.c in Sources */,
				045FA92D21AC2A9D0030ED7B /* ArrayList.c in Sources */,
				045FA92E21AC2A9D0030ED7B /* ArrayDoubleStack.c in Sources */,
				045FA93521AD27DA0030ED7B /* leetCode-0015.c in Sources */,
				045FA92F21AC2A9D0030ED7B /* LinkStack.c in Sources */,
				045FA93021AC2A9D0030ED7B /* ArrayStack.c in Sources */,
				045FA93121AC2A9D0030ED7B /* LinkTree.c in Sources */,
				045FA8A321A4CF330030ED7B /* main.c in Sources */,
				045FA92321AC29530030ED7B /* ArrayInt.c in Sources */,
				045FA94021AD49000030ED7B /* leetCode-0234.c in Sources */,
				045FA93921AD31B40030ED7B /* leetCode-0016.c in Sources */,
				7BA99C5721A63A4C00B0C94F /* leetCode-0007.c in Sources */,
				045FA91B21AC271A0030ED7B /* MGraph.c in Sources */,
				045FA91C21AC271A0030ED7B /* ALGraph.c in Sources */,
				7B2736B121A642BB00161DE8 /* leetCode-0008.c in Sources */,
				045FA93C21AD3EDF0030ED7B /* LinkDoubleList.c in Sources */,
				045FA8FC21A58E9F0030ED7B /* leetCode-0005.c in Sources */,
				045FA91221A6EB530030ED7B /* leetCode-0011.c in Sources */,
				045FA92021AC27AB0030ED7B /* Array.c in Sources */,
				045FA98921AE839D0030ED7B /* leetCode-0019.c in Sources */,
				045FA90D21A6E1180030ED7B /* leetCode-0010.c in Sources */,
				045FA90221A5A5A00030ED7B /* leetCode-0006.c in Sources */,
				045FA90821A6D8B70030ED7B /* leetCode-0009.c in Sources */,
			);
			runOnlyForDeploymentPostprocessing = 0;
		};
/* End PBXSourcesBuildPhase section */

/* Begin XCBuildConfiguration section */
		045FA8A421A4CF330030ED7B /* Debug */ = {
			isa = XCBuildConfiguration;
			buildSettings = {
				ALWAYS_SEARCH_USER_PATHS = NO;
				CLANG_ANALYZER_NONNULL = YES;
				CLANG_ANALYZER_NUMBER_OBJECT_CONVERSION = YES_AGGRESSIVE;
				CLANG_CXX_LANGUAGE_STANDARD = "gnu++14";
				CLANG_CXX_LIBRARY = "libc++";
				CLANG_ENABLE_MODULES = YES;
				CLANG_ENABLE_OBJC_ARC = YES;
				CLANG_ENABLE_OBJC_WEAK = YES;
				CLANG_WARN_BLOCK_CAPTURE_AUTORELEASING = YES;
				CLANG_WARN_BOOL_CONVERSION = YES;
				CLANG_WARN_COMMA = YES;
				CLANG_WARN_CONSTANT_CONVERSION = YES;
				CLANG_WARN_DEPRECATED_OBJC_IMPLEMENTATIONS = YES;
				CLANG_WARN_DIRECT_OBJC_ISA_USAGE = YES_ERROR;
				CLANG_WARN_DOCUMENTATION_COMMENTS = YES;
				CLANG_WARN_EMPTY_BODY = YES;
				CLANG_WARN_ENUM_CONVERSION = YES;
				CLANG_WARN_INFINITE_RECURSION = YES;
				CLANG_WARN_INT_CONVERSION = YES;
				CLANG_WARN_NON_LITERAL_NULL_CONVERSION = YES;
				CLANG_WARN_OBJC_IMPLICIT_RETAIN_SELF = YES;
				CLANG_WARN_OBJC_LITERAL_CONVERSION = YES;
				CLANG_WARN_OBJC_ROOT_CLASS = YES_ERROR;
				CLANG_WARN_RANGE_LOOP_ANALYSIS = YES;
				CLANG_WARN_STRICT_PROTOTYPES = YES;
				CLANG_WARN_SUSPICIOUS_MOVE = YES;
				CLANG_WARN_UNGUARDED_AVAILABILITY = YES_AGGRESSIVE;
				CLANG_WARN_UNREACHABLE_CODE = YES;
				CLANG_WARN__DUPLICATE_METHOD_MATCH = YES;
				CODE_SIGN_IDENTITY = "Mac Developer";
				COPY_PHASE_STRIP = NO;
				DEBUG_INFORMATION_FORMAT = dwarf;
				ENABLE_STRICT_OBJC_MSGSEND = YES;
				ENABLE_TESTABILITY = YES;
				GCC_C_LANGUAGE_STANDARD = gnu11;
				GCC_DYNAMIC_NO_PIC = NO;
				GCC_NO_COMMON_BLOCKS = YES;
				GCC_OPTIMIZATION_LEVEL = 0;
				GCC_PREPROCESSOR_DEFINITIONS = (
					"DEBUG=1",
					"$(inherited)",
				);
				GCC_WARN_64_TO_32_BIT_CONVERSION = YES;
				GCC_WARN_ABOUT_RETURN_TYPE = YES_ERROR;
				GCC_WARN_UNDECLARED_SELECTOR = YES;
				GCC_WARN_UNINITIALIZED_AUTOS = YES_AGGRESSIVE;
				GCC_WARN_UNUSED_FUNCTION = YES;
				GCC_WARN_UNUSED_VARIABLE = YES;
				MACOSX_DEPLOYMENT_TARGET = 10.13;
				MTL_ENABLE_DEBUG_INFO = YES;
				ONLY_ACTIVE_ARCH = YES;
				SDKROOT = macosx;
			};
			name = Debug;
		};
		045FA8A521A4CF330030ED7B /* Release */ = {
			isa = XCBuildConfiguration;
			buildSettings = {
				ALWAYS_SEARCH_USER_PATHS = NO;
				CLANG_ANALYZER_NONNULL = YES;
				CLANG_ANALYZER_NUMBER_OBJECT_CONVERSION = YES_AGGRESSIVE;
				CLANG_CXX_LANGUAGE_STANDARD = "gnu++14";
				CLANG_CXX_LIBRARY = "libc++";
				CLANG_ENABLE_MODULES = YES;
				CLANG_ENABLE_OBJC_ARC = YES;
				CLANG_ENABLE_OBJC_WEAK = YES;
				CLANG_WARN_BLOCK_CAPTURE_AUTORELEASING = YES;
				CLANG_WARN_BOOL_CONVERSION = YES;
				CLANG_WARN_COMMA = YES;
				CLANG_WARN_CONSTANT_CONVERSION = YES;
				CLANG_WARN_DEPRECATED_OBJC_IMPLEMENTATIONS = YES;
				CLANG_WARN_DIRECT_OBJC_ISA_USAGE = YES_ERROR;
				CLANG_WARN_DOCUMENTATION_COMMENTS = YES;
				CLANG_WARN_EMPTY_BODY = YES;
				CLANG_WARN_ENUM_CONVERSION = YES;
				CLANG_WARN_INFINITE_RECURSION = YES;
				CLANG_WARN_INT_CONVERSION = YES;
				CLANG_WARN_NON_LITERAL_NULL_CONVERSION = YES;
				CLANG_WARN_OBJC_IMPLICIT_RETAIN_SELF = YES;
				CLANG_WARN_OBJC_LITERAL_CONVERSION = YES;
				CLANG_WARN_OBJC_ROOT_CLASS = YES_ERROR;
				CLANG_WARN_RANGE_LOOP_ANALYSIS = YES;
				CLANG_WARN_STRICT_PROTOTYPES = YES;
				CLANG_WARN_SUSPICIOUS_MOVE = YES;
				CLANG_WARN_UNGUARDED_AVAILABILITY = YES_AGGRESSIVE;
				CLANG_WARN_UNREACHABLE_CODE = YES;
				CLANG_WARN__DUPLICATE_METHOD_MATCH = YES;
				CODE_SIGN_IDENTITY = "Mac Developer";
				COPY_PHASE_STRIP = NO;
				DEBUG_INFORMATION_FORMAT = "dwarf-with-dsym";
				ENABLE_NS_ASSERTIONS = NO;
				ENABLE_STRICT_OBJC_MSGSEND = YES;
				GCC_C_LANGUAGE_STANDARD = gnu11;
				GCC_NO_COMMON_BLOCKS = YES;
				GCC_WARN_64_TO_32_BIT_CONVERSION = YES;
				GCC_WARN_ABOUT_RETURN_TYPE = YES_ERROR;
				GCC_WARN_UNDECLARED_SELECTOR = YES;
				GCC_WARN_UNINITIALIZED_AUTOS = YES_AGGRESSIVE;
				GCC_WARN_UNUSED_FUNCTION = YES;
				GCC_WARN_UNUSED_VARIABLE = YES;
				MACOSX_DEPLOYMENT_TARGET = 10.13;
				MTL_ENABLE_DEBUG_INFO = NO;
				SDKROOT = macosx;
			};
			name = Release;
		};
		045FA8A721A4CF330030ED7B /* Debug */ = {
			isa = XCBuildConfiguration;
			buildSettings = {
				CODE_SIGN_STYLE = Automatic;
				DEVELOPMENT_TEAM = 7LPWK7MV6D;
				PRODUCT_NAME = "$(TARGET_NAME)";
			};
			name = Debug;
		};
		045FA8A821A4CF330030ED7B /* Release */ = {
			isa = XCBuildConfiguration;
			buildSettings = {
				CODE_SIGN_STYLE = Automatic;
				DEVELOPMENT_TEAM = 7LPWK7MV6D;
				PRODUCT_NAME = "$(TARGET_NAME)";
			};
			name = Release;
		};
/* End XCBuildConfiguration section */

/* Begin XCConfigurationList section */
		045FA89A21A4CF320030ED7B /* Build configuration list for PBXProject "leetCode-c" */ = {
			isa = XCConfigurationList;
			buildConfigurations = (
				045FA8A421A4CF330030ED7B /* Debug */,
				045FA8A521A4CF330030ED7B /* Release */,
			);
			defaultConfigurationIsVisible = 0;
			defaultConfigurationName = Release;
		};
		045FA8A621A4CF330030ED7B /* Build configuration list for PBXNativeTarget "leetCode-c" */ = {
			isa = XCConfigurationList;
			buildConfigurations = (
				045FA8A721A4CF330030ED7B /* Debug */,
				045FA8A821A4CF330030ED7B /* Release */,
			);
			defaultConfigurationIsVisible = 0;
			defaultConfigurationName = Release;
		};
/* End XCConfigurationList section */
	};
	rootObject = 045FA89721A4CF320030ED7B /* Project object */;
}
